
Microsoft Visual Studio Solution File, Format Version 12.00
# Visual Studio Version 17
VisualStudioVersion = 17.8.34511.84
MinimumVisualStudioVersion = 10.0.40219.1
Project("{9A19103F-16F7-4668-BE54-9A1E7A4F7556}") = "CoRDemo", "CoRDemo\CoRDemo.csproj", "{7E60D889-87DB-44AC-A118-FB654958759B}"
EndProject
Project("{2150E333-8FDC-42A3-9474-1A3956D46DE8}") = "Chain of Responsibility", "Chain of Responsibility", "{386B996F-1AB6-4D93-A78C-A3494D7DAB96}"
EndProject
Project("{9A19103F-16F7-4668-BE54-9A1E7A4F7556}") = "SupportService", "SupportService\SupportService.csproj", "{5E03B2B1-BE88-4778-87D5-B9A95E85E433}"
EndProject
Project("{2150E333-8FDC-42A3-9474-1A3956D46DE8}") = "Memento", "Memento", "{CBD5AB46-891A-478B-9024-F18CE87917E5}"
EndProject
Project("{9A19103F-16F7-4668-BE54-9A1E7A4F7556}") = "DocumentEditor", "DocumentEditor\DocumentEditor.csproj", "{9B30671A-2BA0-4139-AE5F-25387DB94E64}"
EndProject
Project("{9A19103F-16F7-4668-BE54-9A1E7A4F7556}") = "MementoDemo", "MementoDemo\MementoDemo.csproj", "{7BF6C8EF-482A-4973-982F-549CD595DCA2}"
EndProject
Project("{2150E333-8FDC-42A3-9474-1A3956D46DE8}") = "Observer", "Observer", "{60BF9F6E-2069-4B86-B224-B94FC4C8C1B5}"
EndProject
Project("{FAE04EC0-301F-11D3-BF4B-00C04F79EFBC}") = "EventListenerLightHTML", "EventListenerLightHTML\EventListenerLightHTML.csproj", "{E055A6F0-CB1B-47D7-BF33-E75BFEB2F7C5}"
EndProject
Project("{FAE04EC0-301F-11D3-BF4B-00C04F79EFBC}") = "ObserverDemo", "ObserverDemo\ObserverDemo.csproj", "{3B5BE578-857E-416F-A7C9-9C05E575035D}"
EndProject
Project("{2150E333-8FDC-42A3-9474-1A3956D46DE8}") = "Strategy", "Strategy", "{941D8011-39C3-4725-8523-F869BA72EAE2}"
EndProject
Project("{FAE04EC0-301F-11D3-BF4B-00C04F79EFBC}") = "ImageLightHTML", "ImageLightHTML\ImageLightHTML.csproj", "{CC00B34B-AA52-4390-937A-DE8008C91A7A}"
EndProject
Project("{FAE04EC0-301F-11D3-BF4B-00C04F79EFBC}") = "StrategyDemo", "StrategyDemo\StrategyDemo.csproj", "{2BC60B60-123B-4F9C-9440-FF5B617A8E31}"
EndProject
Global
	GlobalSection(SolutionConfigurationPlatforms) = preSolution
		Debug|Any CPU = Debug|Any CPU
		Release|Any CPU = Release|Any CPU
	EndGlobalSection
	GlobalSection(ProjectConfigurationPlatforms) = postSolution
		{7E60D889-87DB-44AC-A118-FB654958759B}.Debug|Any CPU.ActiveCfg = Debug|Any CPU
		{7E60D889-87DB-44AC-A118-FB654958759B}.Debug|Any CPU.Build.0 = Debug|Any CPU
		{7E60D889-87DB-44AC-A118-FB654958759B}.Release|Any CPU.ActiveCfg = Release|Any CPU
		{7E60D889-87DB-44AC-A118-FB654958759B}.Release|Any CPU.Build.0 = Release|Any CPU
		{5E03B2B1-BE88-4778-87D5-B9A95E85E433}.Debug|Any CPU.ActiveCfg = Debug|Any CPU
		{5E03B2B1-BE88-4778-87D5-B9A95E85E433}.Debug|Any CPU.Build.0 = Debug|Any CPU
		{5E03B2B1-BE88-4778-87D5-B9A95E85E433}.Release|Any CPU.ActiveCfg = Release|Any CPU
		{5E03B2B1-BE88-4778-87D5-B9A95E85E433}.Release|Any CPU.Build.0 = Release|Any CPU
		{9B30671A-2BA0-4139-AE5F-25387DB94E64}.Debug|Any CPU.ActiveCfg = Debug|Any CPU
		{9B30671A-2BA0-4139-AE5F-25387DB94E64}.Debug|Any CPU.Build.0 = Debug|Any CPU
		{9B30671A-2BA0-4139-AE5F-25387DB94E64}.Release|Any CPU.ActiveCfg = Release|Any CPU
		{9B30671A-2BA0-4139-AE5F-25387DB94E64}.Release|Any CPU.Build.0 = Release|Any CPU
		{7BF6C8EF-482A-4973-982F-549CD595DCA2}.Debug|Any CPU.ActiveCfg = Debug|Any CPU
		{7BF6C8EF-482A-4973-982F-549CD595DCA2}.Debug|Any CPU.Build.0 = Debug|Any CPU
		{7BF6C8EF-482A-4973-982F-549CD595DCA2}.Release|Any CPU.ActiveCfg = Release|Any CPU
		{7BF6C8EF-482A-4973-982F-549CD595DCA2}.Release|Any CPU.Build.0 = Release|Any CPU
		{E055A6F0-CB1B-47D7-BF33-E75BFEB2F7C5}.Debug|Any CPU.ActiveCfg = Debug|Any CPU
		{E055A6F0-CB1B-47D7-BF33-E75BFEB2F7C5}.Debug|Any CPU.Build.0 = Debug|Any CPU
		{E055A6F0-CB1B-47D7-BF33-E75BFEB2F7C5}.Release|Any CPU.ActiveCfg = Release|Any CPU
		{E055A6F0-CB1B-47D7-BF33-E75BFEB2F7C5}.Release|Any CPU.Build.0 = Release|Any CPU
		{3B5BE578-857E-416F-A7C9-9C05E575035D}.Debug|Any CPU.ActiveCfg = Debug|Any CPU
		{3B5BE578-857E-416F-A7C9-9C05E575035D}.Debug|Any CPU.Build.0 = Debug|Any CPU
		{3B5BE578-857E-416F-A7C9-9C05E575035D}.Release|Any CPU.ActiveCfg = Release|Any CPU
		{3B5BE578-857E-416F-A7C9-9C05E575035D}.Release|Any CPU.Build.0 = Release|Any CPU
		{CC00B34B-AA52-4390-937A-DE8008C91A7A}.Debug|Any CPU.ActiveCfg = Debug|Any CPU
		{CC00B34B-AA52-4390-937A-DE8008C91A7A}.Debug|Any CPU.Build.0 = Debug|Any CPU
		{CC00B34B-AA52-4390-937A-DE8008C91A7A}.Release|Any CPU.ActiveCfg = Release|Any CPU
		{CC00B34B-AA52-4390-937A-DE8008C91A7A}.Release|Any CPU.Build.0 = Release|Any CPU
		{2BC60B60-123B-4F9C-9440-FF5B617A8E31}.Debug|Any CPU.ActiveCfg = Debug|Any CPU
		{2BC60B60-123B-4F9C-9440-FF5B617A8E31}.Debug|Any CPU.Build.0 = Debug|Any CPU
		{2BC60B60-123B-4F9C-9440-FF5B617A8E31}.Release|Any CPU.ActiveCfg = Release|Any CPU
		{2BC60B60-123B-4F9C-9440-FF5B617A8E31}.Release|Any CPU.Build.0 = Release|Any CPU
	EndGlobalSection
	GlobalSection(SolutionProperties) = preSolution
		HideSolutionNode = FALSE
	EndGlobalSection
	GlobalSection(NestedProjects) = preSolution
		{7E60D889-87DB-44AC-A118-FB654958759B} = {386B996F-1AB6-4D93-A78C-A3494D7DAB96}
		{5E03B2B1-BE88-4778-87D5-B9A95E85E433} = {386B996F-1AB6-4D93-A78C-A3494D7DAB96}
		{9B30671A-2BA0-4139-AE5F-25387DB94E64} = {CBD5AB46-891A-478B-9024-F18CE87917E5}
		{7BF6C8EF-482A-4973-982F-549CD595DCA2} = {CBD5AB46-891A-478B-9024-F18CE87917E5}
		{E055A6F0-CB1B-47D7-BF33-E75BFEB2F7C5} = {60BF9F6E-2069-4B86-B224-B94FC4C8C1B5}
		{3B5BE578-857E-416F-A7C9-9C05E575035D} = {60BF9F6E-2069-4B86-B224-B94FC4C8C1B5}
		{CC00B34B-AA52-4390-937A-DE8008C91A7A} = {941D8011-39C3-4725-8523-F869BA72EAE2}
		{2BC60B60-123B-4F9C-9440-FF5B617A8E31} = {941D8011-39C3-4725-8523-F869BA72EAE2}
	EndGlobalSection
	GlobalSection(ExtensibilityGlobals) = postSolution
		SolutionGuid = {E53DD748-BDCA-4310-819E-1E77CF6189AB}
	EndGlobalSection
EndGlobal
