
Microsoft Visual Studio Solution File, Format Version 12.00
# Visual Studio Version 17
VisualStudioVersion = 17.8.34511.84
MinimumVisualStudioVersion = 10.0.40219.1
Project("{9A19103F-16F7-4668-BE54-9A1E7A4F7556}") = "FactoryMethodDemo", "FactoryMethodDemo\FactoryMethodDemo.csproj", "{64F7CC69-4C5B-4406-8B3E-2FBCE40A49A9}"
EndProject
Project("{2150E333-8FDC-42A3-9474-1A3956D46DE8}") = "FactoryMethod", "FactoryMethod", "{92FB22AC-7827-4A81-AE63-A46239C56D4D}"
EndProject
Project("{9A19103F-16F7-4668-BE54-9A1E7A4F7556}") = "VideoProvider", "VideoProvider\VideoProvider.csproj", "{E9CEA144-CB16-4F7C-8C41-408877CA8102}"
EndProject
Project("{2150E333-8FDC-42A3-9474-1A3956D46DE8}") = "Abstract Factory", "Abstract Factory", "{BB00720F-B903-49DA-B28B-A931638B67A2}"
EndProject
Project("{9A19103F-16F7-4668-BE54-9A1E7A4F7556}") = "AbstractFactoryDemo", "AbstractFactoryDemo\AbstractFactoryDemo.csproj", "{8DD9E173-9323-4625-9011-86D48E693897}"
EndProject
Project("{9A19103F-16F7-4668-BE54-9A1E7A4F7556}") = "DeviceProduction", "DeviceProduction\DeviceProduction.csproj", "{E4F6BE2C-7E9E-4D6B-B46D-90D495492E32}"
EndProject
Project("{2150E333-8FDC-42A3-9474-1A3956D46DE8}") = "Singleton", "Singleton", "{FFC9DAB9-DBA6-4A6B-BA44-480B115BAD06}"
EndProject
Project("{FAE04EC0-301F-11D3-BF4B-00C04F79EFBC}") = "Authenticator", "Authenticator\Authenticator.csproj", "{2DAECBA8-E4C7-4ED8-8E25-1510C9591CD2}"
EndProject
Project("{FAE04EC0-301F-11D3-BF4B-00C04F79EFBC}") = "SingletonDemo", "SingletonDemo\SingletonDemo.csproj", "{BDB3D3CC-B40C-469C-AC46-813BE0D43B0F}"
EndProject
Project("{2150E333-8FDC-42A3-9474-1A3956D46DE8}") = "Prototype", "Prototype", "{C2A5083A-556C-452C-B447-D3380A6BC354}"
EndProject
Project("{FAE04EC0-301F-11D3-BF4B-00C04F79EFBC}") = "VirusFamily", "VirusFamily\VirusFamily.csproj", "{17B1333B-3292-453B-B494-2364267E8DB6}"
EndProject
Project("{FAE04EC0-301F-11D3-BF4B-00C04F79EFBC}") = "PrototypeDemo", "PrototypeDemo\PrototypeDemo.csproj", "{B6385629-A14A-403D-B369-60BA5DD690BB}"
EndProject
Project("{2150E333-8FDC-42A3-9474-1A3956D46DE8}") = "Builder", "Builder", "{9114975A-EC16-4815-A6DF-11EEE5B44AA4}"
EndProject
Project("{FAE04EC0-301F-11D3-BF4B-00C04F79EFBC}") = "GameRPG", "GameRPG\GameRPG.csproj", "{9839B9FA-9EF1-46E9-A20D-BC248130F333}"
EndProject
Project("{FAE04EC0-301F-11D3-BF4B-00C04F79EFBC}") = "BuilderDemo", "BuilderDemo\BuilderDemo.csproj", "{BB7C4259-B024-46F4-A401-A9034DA55096}"
EndProject
Global
	GlobalSection(SolutionConfigurationPlatforms) = preSolution
		Debug|Any CPU = Debug|Any CPU
		Release|Any CPU = Release|Any CPU
	EndGlobalSection
	GlobalSection(ProjectConfigurationPlatforms) = postSolution
		{64F7CC69-4C5B-4406-8B3E-2FBCE40A49A9}.Debug|Any CPU.ActiveCfg = Debug|Any CPU
		{64F7CC69-4C5B-4406-8B3E-2FBCE40A49A9}.Debug|Any CPU.Build.0 = Debug|Any CPU
		{64F7CC69-4C5B-4406-8B3E-2FBCE40A49A9}.Release|Any CPU.ActiveCfg = Release|Any CPU
		{64F7CC69-4C5B-4406-8B3E-2FBCE40A49A9}.Release|Any CPU.Build.0 = Release|Any CPU
		{E9CEA144-CB16-4F7C-8C41-408877CA8102}.Debug|Any CPU.ActiveCfg = Debug|Any CPU
		{E9CEA144-CB16-4F7C-8C41-408877CA8102}.Debug|Any CPU.Build.0 = Debug|Any CPU
		{E9CEA144-CB16-4F7C-8C41-408877CA8102}.Release|Any CPU.ActiveCfg = Release|Any CPU
		{E9CEA144-CB16-4F7C-8C41-408877CA8102}.Release|Any CPU.Build.0 = Release|Any CPU
		{8DD9E173-9323-4625-9011-86D48E693897}.Debug|Any CPU.ActiveCfg = Debug|Any CPU
		{8DD9E173-9323-4625-9011-86D48E693897}.Debug|Any CPU.Build.0 = Debug|Any CPU
		{8DD9E173-9323-4625-9011-86D48E693897}.Release|Any CPU.ActiveCfg = Release|Any CPU
		{8DD9E173-9323-4625-9011-86D48E693897}.Release|Any CPU.Build.0 = Release|Any CPU
		{E4F6BE2C-7E9E-4D6B-B46D-90D495492E32}.Debug|Any CPU.ActiveCfg = Debug|Any CPU
		{E4F6BE2C-7E9E-4D6B-B46D-90D495492E32}.Debug|Any CPU.Build.0 = Debug|Any CPU
		{E4F6BE2C-7E9E-4D6B-B46D-90D495492E32}.Release|Any CPU.ActiveCfg = Release|Any CPU
		{E4F6BE2C-7E9E-4D6B-B46D-90D495492E32}.Release|Any CPU.Build.0 = Release|Any CPU
		{2DAECBA8-E4C7-4ED8-8E25-1510C9591CD2}.Debug|Any CPU.ActiveCfg = Debug|Any CPU
		{2DAECBA8-E4C7-4ED8-8E25-1510C9591CD2}.Debug|Any CPU.Build.0 = Debug|Any CPU
		{2DAECBA8-E4C7-4ED8-8E25-1510C9591CD2}.Release|Any CPU.ActiveCfg = Release|Any CPU
		{2DAECBA8-E4C7-4ED8-8E25-1510C9591CD2}.Release|Any CPU.Build.0 = Release|Any CPU
		{BDB3D3CC-B40C-469C-AC46-813BE0D43B0F}.Debug|Any CPU.ActiveCfg = Debug|Any CPU
		{BDB3D3CC-B40C-469C-AC46-813BE0D43B0F}.Debug|Any CPU.Build.0 = Debug|Any CPU
		{BDB3D3CC-B40C-469C-AC46-813BE0D43B0F}.Release|Any CPU.ActiveCfg = Release|Any CPU
		{BDB3D3CC-B40C-469C-AC46-813BE0D43B0F}.Release|Any CPU.Build.0 = Release|Any CPU
		{17B1333B-3292-453B-B494-2364267E8DB6}.Debug|Any CPU.ActiveCfg = Debug|Any CPU
		{17B1333B-3292-453B-B494-2364267E8DB6}.Debug|Any CPU.Build.0 = Debug|Any CPU
		{17B1333B-3292-453B-B494-2364267E8DB6}.Release|Any CPU.ActiveCfg = Release|Any CPU
		{17B1333B-3292-453B-B494-2364267E8DB6}.Release|Any CPU.Build.0 = Release|Any CPU
		{B6385629-A14A-403D-B369-60BA5DD690BB}.Debug|Any CPU.ActiveCfg = Debug|Any CPU
		{B6385629-A14A-403D-B369-60BA5DD690BB}.Debug|Any CPU.Build.0 = Debug|Any CPU
		{B6385629-A14A-403D-B369-60BA5DD690BB}.Release|Any CPU.ActiveCfg = Release|Any CPU
		{B6385629-A14A-403D-B369-60BA5DD690BB}.Release|Any CPU.Build.0 = Release|Any CPU
		{9839B9FA-9EF1-46E9-A20D-BC248130F333}.Debug|Any CPU.ActiveCfg = Debug|Any CPU
		{9839B9FA-9EF1-46E9-A20D-BC248130F333}.Debug|Any CPU.Build.0 = Debug|Any CPU
		{9839B9FA-9EF1-46E9-A20D-BC248130F333}.Release|Any CPU.ActiveCfg = Release|Any CPU
		{9839B9FA-9EF1-46E9-A20D-BC248130F333}.Release|Any CPU.Build.0 = Release|Any CPU
		{BB7C4259-B024-46F4-A401-A9034DA55096}.Debug|Any CPU.ActiveCfg = Debug|Any CPU
		{BB7C4259-B024-46F4-A401-A9034DA55096}.Debug|Any CPU.Build.0 = Debug|Any CPU
		{BB7C4259-B024-46F4-A401-A9034DA55096}.Release|Any CPU.ActiveCfg = Release|Any CPU
		{BB7C4259-B024-46F4-A401-A9034DA55096}.Release|Any CPU.Build.0 = Release|Any CPU
	EndGlobalSection
	GlobalSection(SolutionProperties) = preSolution
		HideSolutionNode = FALSE
	EndGlobalSection
	GlobalSection(NestedProjects) = preSolution
		{64F7CC69-4C5B-4406-8B3E-2FBCE40A49A9} = {92FB22AC-7827-4A81-AE63-A46239C56D4D}
		{E9CEA144-CB16-4F7C-8C41-408877CA8102} = {92FB22AC-7827-4A81-AE63-A46239C56D4D}
		{8DD9E173-9323-4625-9011-86D48E693897} = {BB00720F-B903-49DA-B28B-A931638B67A2}
		{E4F6BE2C-7E9E-4D6B-B46D-90D495492E32} = {BB00720F-B903-49DA-B28B-A931638B67A2}
		{2DAECBA8-E4C7-4ED8-8E25-1510C9591CD2} = {FFC9DAB9-DBA6-4A6B-BA44-480B115BAD06}
		{BDB3D3CC-B40C-469C-AC46-813BE0D43B0F} = {FFC9DAB9-DBA6-4A6B-BA44-480B115BAD06}
		{17B1333B-3292-453B-B494-2364267E8DB6} = {C2A5083A-556C-452C-B447-D3380A6BC354}
		{B6385629-A14A-403D-B369-60BA5DD690BB} = {C2A5083A-556C-452C-B447-D3380A6BC354}
		{9839B9FA-9EF1-46E9-A20D-BC248130F333} = {9114975A-EC16-4815-A6DF-11EEE5B44AA4}
		{BB7C4259-B024-46F4-A401-A9034DA55096} = {9114975A-EC16-4815-A6DF-11EEE5B44AA4}
	EndGlobalSection
	GlobalSection(ExtensibilityGlobals) = postSolution
		SolutionGuid = {935F4778-6A29-45CB-9584-051B5043A88B}
	EndGlobalSection
EndGlobal
