
Microsoft Visual Studio Solution File, Format Version 12.00
# Visual Studio Version 17
VisualStudioVersion = 17.8.34511.84
MinimumVisualStudioVersion = 10.0.40219.1
Project("{9A19103F-16F7-4668-BE54-9A1E7A4F7556}") = "Logging", "Logging\Logging.csproj", "{E66690B2-062C-47AA-BD3D-73A0C66876FE}"
EndProject
Project("{2150E333-8FDC-42A3-9474-1A3956D46DE8}") = "Adapter", "Adapter", "{3B7CB46D-11AA-4352-A17E-8F7863D9B344}"
EndProject
Project("{9A19103F-16F7-4668-BE54-9A1E7A4F7556}") = "AdapterDemo", "AdapterDemo\AdapterDemo.csproj", "{7F444455-8303-40EC-9CA2-D7249464126A}"
EndProject
Project("{2150E333-8FDC-42A3-9474-1A3956D46DE8}") = "Decorator", "Decorator", "{EC488F10-77A5-4F4F-90F5-A04F2B0459DE}"
EndProject
Project("{9A19103F-16F7-4668-BE54-9A1E7A4F7556}") = "GameRPG", "GameRPG\GameRPG.csproj", "{E481BBFF-295D-46DD-829B-235792BD1221}"
EndProject
Project("{9A19103F-16F7-4668-BE54-9A1E7A4F7556}") = "DecoratorDemo", "DecoratorDemo\DecoratorDemo.csproj", "{17851D36-3C84-4F7E-BB78-CF668900539D}"
EndProject
Project("{2150E333-8FDC-42A3-9474-1A3956D46DE8}") = "Bridge", "Bridge", "{3580A6A9-C46C-471A-B03E-60001197E6E3}"
EndProject
Project("{9A19103F-16F7-4668-BE54-9A1E7A4F7556}") = "BridgeDemo", "BridgeDemo\BridgeDemo.csproj", "{ECA3444B-6AA4-4CCD-A65E-2E1D7D70D35D}"
EndProject
Project("{9A19103F-16F7-4668-BE54-9A1E7A4F7556}") = "Paint", "Paint\Paint.csproj", "{828EF880-6CCE-488C-85D5-0F4357FCA82A}"
EndProject
Project("{2150E333-8FDC-42A3-9474-1A3956D46DE8}") = "Proxy", "Proxy", "{EEDF6AE1-D909-40F8-BD27-09F8D8E1AC0B}"
EndProject
Project("{FAE04EC0-301F-11D3-BF4B-00C04F79EFBC}") = "ProxyDemo", "ProxyDemo\ProxyDemo.csproj", "{D92A9D58-E515-42F9-8CC3-01315425EDE2}"
EndProject
Project("{FAE04EC0-301F-11D3-BF4B-00C04F79EFBC}") = "TextReader", "TextReader\TextReader.csproj", "{8D336CB2-3C5B-49A4-A5CB-5AE361E0BFA1}"
EndProject
Project("{2150E333-8FDC-42A3-9474-1A3956D46DE8}") = "Composite", "Composite", "{46647D48-C938-40EF-8226-EB1D35EF45A0}"
EndProject
Project("{FAE04EC0-301F-11D3-BF4B-00C04F79EFBC}") = "LightHTML", "LightHTML\LightHTML.csproj", "{8B69E7E0-51D7-4EF4-AD71-5F82B7FBB1AE}"
EndProject
Project("{FAE04EC0-301F-11D3-BF4B-00C04F79EFBC}") = "CompositeDemo", "CompositeDemo\CompositeDemo.csproj", "{BE2429D2-A1EE-4CFA-96FA-0F3A34BFDD62}"
EndProject
Project("{2150E333-8FDC-42A3-9474-1A3956D46DE8}") = "Flyweight", "Flyweight", "{5A663B70-EA0C-49C0-9347-6BFEE9EB45A3}"
EndProject
Project("{FAE04EC0-301F-11D3-BF4B-00C04F79EFBC}") = "OptimizedLightHTML", "OptimizedLightHTML\OptimizedLightHTML.csproj", "{2A17E3A0-D704-422F-8913-ABD494B4E97E}"
EndProject
Project("{FAE04EC0-301F-11D3-BF4B-00C04F79EFBC}") = "FlyweightDemo", "FlyweightDemo\FlyweightDemo.csproj", "{32C0696F-B776-4F87-A3A9-D371DB80A3B1}"
EndProject
Global
	GlobalSection(SolutionConfigurationPlatforms) = preSolution
		Debug|Any CPU = Debug|Any CPU
		Release|Any CPU = Release|Any CPU
	EndGlobalSection
	GlobalSection(ProjectConfigurationPlatforms) = postSolution
		{E66690B2-062C-47AA-BD3D-73A0C66876FE}.Debug|Any CPU.ActiveCfg = Debug|Any CPU
		{E66690B2-062C-47AA-BD3D-73A0C66876FE}.Debug|Any CPU.Build.0 = Debug|Any CPU
		{E66690B2-062C-47AA-BD3D-73A0C66876FE}.Release|Any CPU.ActiveCfg = Release|Any CPU
		{E66690B2-062C-47AA-BD3D-73A0C66876FE}.Release|Any CPU.Build.0 = Release|Any CPU
		{7F444455-8303-40EC-9CA2-D7249464126A}.Debug|Any CPU.ActiveCfg = Debug|Any CPU
		{7F444455-8303-40EC-9CA2-D7249464126A}.Debug|Any CPU.Build.0 = Debug|Any CPU
		{7F444455-8303-40EC-9CA2-D7249464126A}.Release|Any CPU.ActiveCfg = Release|Any CPU
		{7F444455-8303-40EC-9CA2-D7249464126A}.Release|Any CPU.Build.0 = Release|Any CPU
		{E481BBFF-295D-46DD-829B-235792BD1221}.Debug|Any CPU.ActiveCfg = Debug|Any CPU
		{E481BBFF-295D-46DD-829B-235792BD1221}.Debug|Any CPU.Build.0 = Debug|Any CPU
		{E481BBFF-295D-46DD-829B-235792BD1221}.Release|Any CPU.ActiveCfg = Release|Any CPU
		{E481BBFF-295D-46DD-829B-235792BD1221}.Release|Any CPU.Build.0 = Release|Any CPU
		{17851D36-3C84-4F7E-BB78-CF668900539D}.Debug|Any CPU.ActiveCfg = Debug|Any CPU
		{17851D36-3C84-4F7E-BB78-CF668900539D}.Debug|Any CPU.Build.0 = Debug|Any CPU
		{17851D36-3C84-4F7E-BB78-CF668900539D}.Release|Any CPU.ActiveCfg = Release|Any CPU
		{17851D36-3C84-4F7E-BB78-CF668900539D}.Release|Any CPU.Build.0 = Release|Any CPU
		{ECA3444B-6AA4-4CCD-A65E-2E1D7D70D35D}.Debug|Any CPU.ActiveCfg = Debug|Any CPU
		{ECA3444B-6AA4-4CCD-A65E-2E1D7D70D35D}.Debug|Any CPU.Build.0 = Debug|Any CPU
		{ECA3444B-6AA4-4CCD-A65E-2E1D7D70D35D}.Release|Any CPU.ActiveCfg = Release|Any CPU
		{ECA3444B-6AA4-4CCD-A65E-2E1D7D70D35D}.Release|Any CPU.Build.0 = Release|Any CPU
		{828EF880-6CCE-488C-85D5-0F4357FCA82A}.Debug|Any CPU.ActiveCfg = Debug|Any CPU
		{828EF880-6CCE-488C-85D5-0F4357FCA82A}.Debug|Any CPU.Build.0 = Debug|Any CPU
		{828EF880-6CCE-488C-85D5-0F4357FCA82A}.Release|Any CPU.ActiveCfg = Release|Any CPU
		{828EF880-6CCE-488C-85D5-0F4357FCA82A}.Release|Any CPU.Build.0 = Release|Any CPU
		{D92A9D58-E515-42F9-8CC3-01315425EDE2}.Debug|Any CPU.ActiveCfg = Debug|Any CPU
		{D92A9D58-E515-42F9-8CC3-01315425EDE2}.Debug|Any CPU.Build.0 = Debug|Any CPU
		{D92A9D58-E515-42F9-8CC3-01315425EDE2}.Release|Any CPU.ActiveCfg = Release|Any CPU
		{D92A9D58-E515-42F9-8CC3-01315425EDE2}.Release|Any CPU.Build.0 = Release|Any CPU
		{8D336CB2-3C5B-49A4-A5CB-5AE361E0BFA1}.Debug|Any CPU.ActiveCfg = Debug|Any CPU
		{8D336CB2-3C5B-49A4-A5CB-5AE361E0BFA1}.Debug|Any CPU.Build.0 = Debug|Any CPU
		{8D336CB2-3C5B-49A4-A5CB-5AE361E0BFA1}.Release|Any CPU.ActiveCfg = Release|Any CPU
		{8D336CB2-3C5B-49A4-A5CB-5AE361E0BFA1}.Release|Any CPU.Build.0 = Release|Any CPU
		{8B69E7E0-51D7-4EF4-AD71-5F82B7FBB1AE}.Debug|Any CPU.ActiveCfg = Debug|Any CPU
		{8B69E7E0-51D7-4EF4-AD71-5F82B7FBB1AE}.Debug|Any CPU.Build.0 = Debug|Any CPU
		{8B69E7E0-51D7-4EF4-AD71-5F82B7FBB1AE}.Release|Any CPU.ActiveCfg = Release|Any CPU
		{8B69E7E0-51D7-4EF4-AD71-5F82B7FBB1AE}.Release|Any CPU.Build.0 = Release|Any CPU
		{BE2429D2-A1EE-4CFA-96FA-0F3A34BFDD62}.Debug|Any CPU.ActiveCfg = Debug|Any CPU
		{BE2429D2-A1EE-4CFA-96FA-0F3A34BFDD62}.Debug|Any CPU.Build.0 = Debug|Any CPU
		{BE2429D2-A1EE-4CFA-96FA-0F3A34BFDD62}.Release|Any CPU.ActiveCfg = Release|Any CPU
		{BE2429D2-A1EE-4CFA-96FA-0F3A34BFDD62}.Release|Any CPU.Build.0 = Release|Any CPU
		{2A17E3A0-D704-422F-8913-ABD494B4E97E}.Debug|Any CPU.ActiveCfg = Debug|Any CPU
		{2A17E3A0-D704-422F-8913-ABD494B4E97E}.Debug|Any CPU.Build.0 = Debug|Any CPU
		{2A17E3A0-D704-422F-8913-ABD494B4E97E}.Release|Any CPU.ActiveCfg = Release|Any CPU
		{2A17E3A0-D704-422F-8913-ABD494B4E97E}.Release|Any CPU.Build.0 = Release|Any CPU
		{32C0696F-B776-4F87-A3A9-D371DB80A3B1}.Debug|Any CPU.ActiveCfg = Debug|Any CPU
		{32C0696F-B776-4F87-A3A9-D371DB80A3B1}.Debug|Any CPU.Build.0 = Debug|Any CPU
		{32C0696F-B776-4F87-A3A9-D371DB80A3B1}.Release|Any CPU.ActiveCfg = Release|Any CPU
		{32C0696F-B776-4F87-A3A9-D371DB80A3B1}.Release|Any CPU.Build.0 = Release|Any CPU
	EndGlobalSection
	GlobalSection(SolutionProperties) = preSolution
		HideSolutionNode = FALSE
	EndGlobalSection
	GlobalSection(NestedProjects) = preSolution
		{E66690B2-062C-47AA-BD3D-73A0C66876FE} = {3B7CB46D-11AA-4352-A17E-8F7863D9B344}
		{7F444455-8303-40EC-9CA2-D7249464126A} = {3B7CB46D-11AA-4352-A17E-8F7863D9B344}
		{E481BBFF-295D-46DD-829B-235792BD1221} = {EC488F10-77A5-4F4F-90F5-A04F2B0459DE}
		{17851D36-3C84-4F7E-BB78-CF668900539D} = {EC488F10-77A5-4F4F-90F5-A04F2B0459DE}
		{ECA3444B-6AA4-4CCD-A65E-2E1D7D70D35D} = {3580A6A9-C46C-471A-B03E-60001197E6E3}
		{828EF880-6CCE-488C-85D5-0F4357FCA82A} = {3580A6A9-C46C-471A-B03E-60001197E6E3}
		{D92A9D58-E515-42F9-8CC3-01315425EDE2} = {EEDF6AE1-D909-40F8-BD27-09F8D8E1AC0B}
		{8D336CB2-3C5B-49A4-A5CB-5AE361E0BFA1} = {EEDF6AE1-D909-40F8-BD27-09F8D8E1AC0B}
		{8B69E7E0-51D7-4EF4-AD71-5F82B7FBB1AE} = {46647D48-C938-40EF-8226-EB1D35EF45A0}
		{BE2429D2-A1EE-4CFA-96FA-0F3A34BFDD62} = {46647D48-C938-40EF-8226-EB1D35EF45A0}
		{2A17E3A0-D704-422F-8913-ABD494B4E97E} = {5A663B70-EA0C-49C0-9347-6BFEE9EB45A3}
		{32C0696F-B776-4F87-A3A9-D371DB80A3B1} = {5A663B70-EA0C-49C0-9347-6BFEE9EB45A3}
	EndGlobalSection
	GlobalSection(ExtensibilityGlobals) = postSolution
		SolutionGuid = {0823861A-7A9D-4EA7-B2C3-D985728A533C}
	EndGlobalSection
EndGlobal
